
Microsoft Visual Studio Solution File, Format Version 12.00
# Visual Studio Version 17
VisualStudioVersion = 17.7.34009.444
MinimumVisualStudioVersion = 10.0.40219.1
Project("{9A19103F-16F7-4668-BE54-9A1E7A4F7556}") = "vteCore", "vteCore\vteCore.csproj", "{F65FDDB9-34C0-4B61-BE88-51AFA89FFA9C}"
EndProject
Project("{9A19103F-16F7-4668-BE54-9A1E7A4F7556}") = "OpenXmlPowerTools", "OpenXmlPowerTools\OpenXmlPowerTools.csproj", "{562AAFF9-BB92-461E-9F44-A2FC17FC2181}"
EndProject
Project("{9A19103F-16F7-4668-BE54-9A1E7A4F7556}") = "vteCore.Shared", "vteCore.Shared\vteCore.Shared.csproj", "{B46AF568-82C9-48EF-88B5-CAF77E921F20}"
EndProject
Project("{FAE04EC0-301F-11D3-BF4B-00C04F79EFBC}") = "vteCore.dbBFA", "vteCore.dbBFA\vteCore.dbBFA.csproj", "{CF5BD075-AA52-4CBA-ABBD-FD310018620A}"
EndProject
Global
	GlobalSection(SolutionConfigurationPlatforms) = preSolution
		Debug|Any CPU = Debug|Any CPU
		Release|Any CPU = Release|Any CPU
	EndGlobalSection
	GlobalSection(ProjectConfigurationPlatforms) = postSolution
		{F65FDDB9-34C0-4B61-BE88-51AFA89FFA9C}.Debug|Any CPU.ActiveCfg = Debug|Any CPU
		{F65FDDB9-34C0-4B61-BE88-51AFA89FFA9C}.Debug|Any CPU.Build.0 = Debug|Any CPU
		{F65FDDB9-34C0-4B61-BE88-51AFA89FFA9C}.Release|Any CPU.ActiveCfg = Release|Any CPU
		{F65FDDB9-34C0-4B61-BE88-51AFA89FFA9C}.Release|Any CPU.Build.0 = Release|Any CPU
		{562AAFF9-BB92-461E-9F44-A2FC17FC2181}.Debug|Any CPU.ActiveCfg = Debug|Any CPU
		{562AAFF9-BB92-461E-9F44-A2FC17FC2181}.Debug|Any CPU.Build.0 = Debug|Any CPU
		{562AAFF9-BB92-461E-9F44-A2FC17FC2181}.Release|Any CPU.ActiveCfg = Release|Any CPU
		{562AAFF9-BB92-461E-9F44-A2FC17FC2181}.Release|Any CPU.Build.0 = Release|Any CPU
		{B46AF568-82C9-48EF-88B5-CAF77E921F20}.Debug|Any CPU.ActiveCfg = Debug|Any CPU
		{B46AF568-82C9-48EF-88B5-CAF77E921F20}.Debug|Any CPU.Build.0 = Debug|Any CPU
		{B46AF568-82C9-48EF-88B5-CAF77E921F20}.Release|Any CPU.ActiveCfg = Release|Any CPU
		{B46AF568-82C9-48EF-88B5-CAF77E921F20}.Release|Any CPU.Build.0 = Release|Any CPU
		{CF5BD075-AA52-4CBA-ABBD-FD310018620A}.Debug|Any CPU.ActiveCfg = Debug|Any CPU
		{CF5BD075-AA52-4CBA-ABBD-FD310018620A}.Debug|Any CPU.Build.0 = Debug|Any CPU
		{CF5BD075-AA52-4CBA-ABBD-FD310018620A}.Release|Any CPU.ActiveCfg = Release|Any CPU
		{CF5BD075-AA52-4CBA-ABBD-FD310018620A}.Release|Any CPU.Build.0 = Release|Any CPU
	EndGlobalSection
	GlobalSection(SolutionProperties) = preSolution
		HideSolutionNode = FALSE
	EndGlobalSection
	GlobalSection(ExtensibilityGlobals) = postSolution
		SolutionGuid = {E0E2EC31-A201-449D-93EF-EFD9884D382F}
	EndGlobalSection
EndGlobal
